
Microsoft Visual Studio Solution File, Format Version 12.00
# Visual Studio Version 16
VisualStudioVersion = 16.0.810.23
MinimumVisualStudioVersion = 10.0.40219.1
Project("{FAE04EC0-301F-11D3-BF4B-00C04F79EFBC}") = "IEC104_dotnet", "IEC104_dotnet.csproj", "{5254B79F-A4EE-42B4-8748-61DD16B990EF}"
EndProject
Global
	GlobalSection(SolutionConfigurationPlatforms) = preSolution
		Debug|Any CPU = Debug|Any CPU
		Release|Any CPU = Release|Any CPU
	EndGlobalSection
	GlobalSection(ProjectConfigurationPlatforms) = postSolution
		{5254B79F-A4EE-42B4-8748-61DD16B990EF}.Debug|Any CPU.ActiveCfg = Debug|Any CPU
		{5254B79F-A4EE-42B4-8748-61DD16B990EF}.Debug|Any CPU.Build.0 = Debug|Any CPU
		{5254B79F-A4EE-42B4-8748-61DD16B990EF}.Release|Any CPU.ActiveCfg = Release|Any CPU
		{5254B79F-A4EE-42B4-8748-61DD16B990EF}.Release|Any CPU.Build.0 = Release|Any CPU
	EndGlobalSection
	GlobalSection(SolutionProperties) = preSolution
		HideSolutionNode = FALSE
	EndGlobalSection
	GlobalSection(ExtensibilityGlobals) = postSolution
		SolutionGuid = {74E65F73-C9D4-4C3E-972A-0C7979A19AAD}
	EndGlobalSection
EndGlobal
